
Microsoft Visual Studio Solution File, Format Version 12.00
# Visual Studio Version 16
VisualStudioVersion = 16.0.31112.23
MinimumVisualStudioVersion = 10.0.40219.1
Project("{FAE04EC0-301F-11D3-BF4B-00C04F79EFBC}") = "Limbo.Umbraco.Seo", "Limbo.Umbraco.Seo\Limbo.Umbraco.Seo.csproj", "{80ABA69B-3537-4464-B051-4A0D00CBF705}"
EndProject
Global
	GlobalSection(SolutionConfigurationPlatforms) = preSolution
		Debug|Any CPU = Debug|Any CPU
		Release|Any CPU = Release|Any CPU
	EndGlobalSection
	GlobalSection(ProjectConfigurationPlatforms) = postSolution
		{80ABA69B-3537-4464-B051-4A0D00CBF705}.Debug|Any CPU.ActiveCfg = Debug|Any CPU
		{80ABA69B-3537-4464-B051-4A0D00CBF705}.Debug|Any CPU.Build.0 = Debug|Any CPU
		{80ABA69B-3537-4464-B051-4A0D00CBF705}.Release|Any CPU.ActiveCfg = Release|Any CPU
		{80ABA69B-3537-4464-B051-4A0D00CBF705}.Release|Any CPU.Build.0 = Release|Any CPU
	EndGlobalSection
	GlobalSection(SolutionProperties) = preSolution
		HideSolutionNode = FALSE
	EndGlobalSection
	GlobalSection(ExtensibilityGlobals) = postSolution
		SolutionGuid = {FC16E032-EBFF-48AF-84C4-D062849B34AC}
	EndGlobalSection
EndGlobal
